{
    "version": 3,
    "terraform_version": "0.11.11",
    "serial": 4,
    "lineage": "d3fe96c6-03b2-da31-16f1-9c8bf6951483",
    "modules": [
        {
            "path": [
                "root"
            ],
            "outputs": {
                "all": {
                    "sensitive": false,
                    "type": "map",
                    "value": {
                        "private": [
                            "172.31.34.48",
                            "172.31.40.187",
                            "172.31.32.187"
                        ],
                        "public": [
                            "35.155.226.233",
                            "35.162.233.117",
                            "54.214.115.196"
                        ]
                    }
                },
                "cassandra_internal_ips": {
                    "sensitive": false,
                    "type": "list",
                    "value": [
                        "172.31.34.48",
                        "172.31.40.187",
                        "172.31.32.187"
                    ]
                },
                "cassandra_ips": {
                    "sensitive": false,
                    "type": "list",
                    "value": [
                        "35.155.226.233",
                        "35.162.233.117",
                        "54.214.115.196"
                    ]
                },
                "stress_ips": {
                    "sensitive": false,
                    "type": "list",
                    "value": []
                }
            },
            "resources": {
                "aws_instance.cassandra.0": {
                    "type": "aws_instance",
                    "depends_on": [],
                    "primary": {
                        "id": "i-0259d969a1c7ed7b6",
                        "attributes": {
                            "ami": "ami-51537029",
                            "arn": "arn:aws:ec2:us-west-2:581440776211:instance/i-0259d969a1c7ed7b6",
                            "associate_public_ip_address": "true",
                            "availability_zone": "us-west-2a",
                            "cpu_core_count": "4",
                            "cpu_threads_per_core": "2",
                            "credit_specification.#": "1",
                            "credit_specification.0.cpu_credits": "standard",
                            "disable_api_termination": "false",
                            "ebs_block_device.#": "0",
                            "ebs_optimized": "false",
                            "ephemeral_block_device.#": "0",
                            "get_password_data": "false",
                            "iam_instance_profile": "",
                            "id": "i-0259d969a1c7ed7b6",
                            "instance_state": "running",
                            "instance_type": "c5d.2xlarge",
                            "ipv6_addresses.#": "0",
                            "key_name": "haddad",
                            "monitoring": "false",
                            "network_interface.#": "0",
                            "network_interface_id": "eni-04033efe9f89e6589",
                            "password_data": "",
                            "placement_group": "",
                            "primary_network_interface_id": "eni-04033efe9f89e6589",
                            "private_dns": "ip-172-31-34-48.us-west-2.compute.internal",
                            "private_ip": "172.31.34.48",
                            "public_dns": "ec2-35-155-226-233.us-west-2.compute.amazonaws.com",
                            "public_ip": "35.155.226.233",
                            "root_block_device.#": "1",
                            "root_block_device.0.delete_on_termination": "true",
                            "root_block_device.0.iops": "100",
                            "root_block_device.0.volume_id": "vol-05a2f0f95065a61fd",
                            "root_block_device.0.volume_size": "8",
                            "root_block_device.0.volume_type": "gp2",
                            "security_groups.#": "1",
                            "security_groups.1016368742": "haddad",
                            "source_dest_check": "true",
                            "subnet_id": "subnet-f44f989f",
                            "tags.%": "4",
                            "tags.Name": " test",
                            "tags.client": "test",
                            "tags.purpose": "test",
                            "tags.ticket": "test",
                            "tenancy": "default",
                            "volume_tags.%": "0",
                            "vpc_security_group_ids.#": "1",
                            "vpc_security_group_ids.2109735321": "sg-3fe52444"
                        },
                        "meta": {
                            "e2bfb730-ecaa-11e6-8f88-34363bc7c4c0": {
                                "create": 600000000000,
                                "delete": 1200000000000,
                                "update": 600000000000
                            },
                            "schema_version": "1"
                        },
                        "tainted": false
                    },
                    "deposed": [],
                    "provider": "provider.aws"
                },
                "aws_instance.cassandra.1": {
                    "type": "aws_instance",
                    "depends_on": [],
                    "primary": {
                        "id": "i-0dce2391626c037a2",
                        "attributes": {
                            "ami": "ami-51537029",
                            "arn": "arn:aws:ec2:us-west-2:581440776211:instance/i-0dce2391626c037a2",
                            "associate_public_ip_address": "true",
                            "availability_zone": "us-west-2a",
                            "cpu_core_count": "4",
                            "cpu_threads_per_core": "2",
                            "credit_specification.#": "1",
                            "credit_specification.0.cpu_credits": "standard",
                            "disable_api_termination": "false",
                            "ebs_block_device.#": "0",
                            "ebs_optimized": "false",
                            "ephemeral_block_device.#": "0",
                            "get_password_data": "false",
                            "iam_instance_profile": "",
                            "id": "i-0dce2391626c037a2",
                            "instance_state": "running",
                            "instance_type": "c5d.2xlarge",
                            "ipv6_addresses.#": "0",
                            "key_name": "haddad",
                            "monitoring": "false",
                            "network_interface.#": "0",
                            "network_interface_id": "eni-0f0a0cc434ec21b05",
                            "password_data": "",
                            "placement_group": "",
                            "primary_network_interface_id": "eni-0f0a0cc434ec21b05",
                            "private_dns": "ip-172-31-40-187.us-west-2.compute.internal",
                            "private_ip": "172.31.40.187",
                            "public_dns": "ec2-35-162-233-117.us-west-2.compute.amazonaws.com",
                            "public_ip": "35.162.233.117",
                            "root_block_device.#": "1",
                            "root_block_device.0.delete_on_termination": "true",
                            "root_block_device.0.iops": "100",
                            "root_block_device.0.volume_id": "vol-0b842111481045ba1",
                            "root_block_device.0.volume_size": "8",
                            "root_block_device.0.volume_type": "gp2",
                            "security_groups.#": "1",
                            "security_groups.1016368742": "haddad",
                            "source_dest_check": "true",
                            "subnet_id": "subnet-f44f989f",
                            "tags.%": "4",
                            "tags.Name": " test",
                            "tags.client": "test",
                            "tags.purpose": "test",
                            "tags.ticket": "test",
                            "tenancy": "default",
                            "volume_tags.%": "0",
                            "vpc_security_group_ids.#": "1",
                            "vpc_security_group_ids.2109735321": "sg-3fe52444"
                        },
                        "meta": {
                            "e2bfb730-ecaa-11e6-8f88-34363bc7c4c0": {
                                "create": 600000000000,
                                "delete": 1200000000000,
                                "update": 600000000000
                            },
                            "schema_version": "1"
                        },
                        "tainted": false
                    },
                    "deposed": [],
                    "provider": "provider.aws"
                },
                "aws_instance.cassandra.2": {
                    "type": "aws_instance",
                    "depends_on": [],
                    "primary": {
                        "id": "i-04b87406eeacee98f",
                        "attributes": {
                            "ami": "ami-51537029",
                            "arn": "arn:aws:ec2:us-west-2:581440776211:instance/i-04b87406eeacee98f",
                            "associate_public_ip_address": "true",
                            "availability_zone": "us-west-2a",
                            "cpu_core_count": "4",
                            "cpu_threads_per_core": "2",
                            "credit_specification.#": "1",
                            "credit_specification.0.cpu_credits": "standard",
                            "disable_api_termination": "false",
                            "ebs_block_device.#": "0",
                            "ebs_optimized": "false",
                            "ephemeral_block_device.#": "0",
                            "get_password_data": "false",
                            "iam_instance_profile": "",
                            "id": "i-04b87406eeacee98f",
                            "instance_state": "running",
                            "instance_type": "c5d.2xlarge",
                            "ipv6_addresses.#": "0",
                            "key_name": "haddad",
                            "monitoring": "false",
                            "network_interface.#": "0",
                            "network_interface_id": "eni-086d521a83dab0ecf",
                            "password_data": "",
                            "placement_group": "",
                            "primary_network_interface_id": "eni-086d521a83dab0ecf",
                            "private_dns": "ip-172-31-32-187.us-west-2.compute.internal",
                            "private_ip": "172.31.32.187",
                            "public_dns": "ec2-54-214-115-196.us-west-2.compute.amazonaws.com",
                            "public_ip": "54.214.115.196",
                            "root_block_device.#": "1",
                            "root_block_device.0.delete_on_termination": "true",
                            "root_block_device.0.iops": "100",
                            "root_block_device.0.volume_id": "vol-0135278bd0c96487a",
                            "root_block_device.0.volume_size": "8",
                            "root_block_device.0.volume_type": "gp2",
                            "security_groups.#": "1",
                            "security_groups.1016368742": "haddad",
                            "source_dest_check": "true",
                            "subnet_id": "subnet-f44f989f",
                            "tags.%": "4",
                            "tags.Name": " test",
                            "tags.client": "test",
                            "tags.purpose": "test",
                            "tags.ticket": "test",
                            "tenancy": "default",
                            "volume_tags.%": "0",
                            "vpc_security_group_ids.#": "1",
                            "vpc_security_group_ids.2109735321": "sg-3fe52444"
                        },
                        "meta": {
                            "e2bfb730-ecaa-11e6-8f88-34363bc7c4c0": {
                                "create": 600000000000,
                                "delete": 1200000000000,
                                "update": 600000000000
                            },
                            "schema_version": "1"
                        },
                        "tainted": false
                    },
                    "deposed": [],
                    "provider": "provider.aws"
                }
            },
            "depends_on": []
        }
    ]
}
